github.com/google/go-cmp v0.5.6 h1:BKbKCqvP6I+rmFHt06ZmyQtvB8xAkWdhFyr0ZUNZcxQ=
github.com/google/go-cmp v0.5.6/go.mod h1:v8dTdLbMG2kIc/vJvl+f65V22dbkXbowE6jgT/gNBxE=
github.com/leejones/netrc v0.0.0-20220117194804-d4b0cd61ce36 h1:BjjQPoPKyk4/stPNndbXXWGLG6TP/RkPYqzAdUU3H8M=
github.com/leejones/netrc v0.0.0-20220117194804-d4b0cd61ce36/go.mod h1:WsoXti8nzjDxMJjWEbY1GgHSGWLAmJFp4XLk0mTQnLk=
golang.org/x/xerrors v0.0.0-20191204190536-9bdfabe68543/go.mod h1:I/5z698sn9Ka8TeJc9MKroUUfqBBauWjQqLJ2OPfmY0=
